
Microsoft Visual Studio Solution File, Format Version 12.00
# Visual Studio Version 16
VisualStudioVersion = 16.0.29728.190
MinimumVisualStudioVersion = 10.0.40219.1
Project("{FAE04EC0-301F-11D3-BF4B-00C04F79EFBC}") = "NovelTread", "NovelTread.csproj", "{AB41D684-5C54-4639-BCA2-1358EC3BE1EB}"
EndProject
Global
	GlobalSection(SolutionConfigurationPlatforms) = preSolution
		Debug|Any CPU = Debug|Any CPU
		Release|Any CPU = Release|Any CPU
	EndGlobalSection
	GlobalSection(ProjectConfigurationPlatforms) = postSolution
		{AB41D684-5C54-4639-BCA2-1358EC3BE1EB}.Debug|Any CPU.ActiveCfg = Debug|Any CPU
		{AB41D684-5C54-4639-BCA2-1358EC3BE1EB}.Debug|Any CPU.Build.0 = Debug|Any CPU
		{AB41D684-5C54-4639-BCA2-1358EC3BE1EB}.Release|Any CPU.ActiveCfg = Release|Any CPU
		{AB41D684-5C54-4639-BCA2-1358EC3BE1EB}.Release|Any CPU.Build.0 = Release|Any CPU
	EndGlobalSection
	GlobalSection(SolutionProperties) = preSolution
		HideSolutionNode = FALSE
	EndGlobalSection
	GlobalSection(ExtensibilityGlobals) = postSolution
		SolutionGuid = {9AEF9EEE-515C-4135-982D-B5189A6B28FF}
	EndGlobalSection
EndGlobal
